
Microsoft Visual Studio Solution File, Format Version 11.00
# Visual Studio 2010
Project("{FAE04EC0-301F-11D3-BF4B-00C04F79EFBC}") = "ncl", "ncl\ncl.csproj", "{54481E82-5219-432B-B43D-AA33A49349FC}"
EndProject
Project("{FAE04EC0-301F-11D3-BF4B-00C04F79EFBC}") = "ncl.Equipment", "ncl.Equipment\ncl.Equipment.csproj", "{C8B2D873-C238-4AE5-9E06-62E7148A4C79}"
EndProject
Project("{FAE04EC0-301F-11D3-BF4B-00C04F79EFBC}") = "Ex-Recipe", "..\examples\Recipe\Ex-Recipe.csproj", "{F4A0CBBC-A0A3-494B-8E5B-02ECE524DF31}"
EndProject
Global
	GlobalSection(SolutionConfigurationPlatforms) = preSolution
		Debug|Any CPU = Debug|Any CPU
		Debug|Mixed Platforms = Debug|Mixed Platforms
		Debug|x86 = Debug|x86
		Release|Any CPU = Release|Any CPU
		Release|Mixed Platforms = Release|Mixed Platforms
		Release|x86 = Release|x86
	EndGlobalSection
	GlobalSection(ProjectConfigurationPlatforms) = postSolution
		{54481E82-5219-432B-B43D-AA33A49349FC}.Debug|Any CPU.ActiveCfg = Debug|Any CPU
		{54481E82-5219-432B-B43D-AA33A49349FC}.Debug|Any CPU.Build.0 = Debug|Any CPU
		{54481E82-5219-432B-B43D-AA33A49349FC}.Debug|Mixed Platforms.ActiveCfg = Debug|Any CPU
		{54481E82-5219-432B-B43D-AA33A49349FC}.Debug|Mixed Platforms.Build.0 = Debug|Any CPU
		{54481E82-5219-432B-B43D-AA33A49349FC}.Debug|x86.ActiveCfg = Debug|Any CPU
		{54481E82-5219-432B-B43D-AA33A49349FC}.Release|Any CPU.ActiveCfg = Release|Any CPU
		{54481E82-5219-432B-B43D-AA33A49349FC}.Release|Any CPU.Build.0 = Release|Any CPU
		{54481E82-5219-432B-B43D-AA33A49349FC}.Release|Mixed Platforms.ActiveCfg = Release|Any CPU
		{54481E82-5219-432B-B43D-AA33A49349FC}.Release|Mixed Platforms.Build.0 = Release|Any CPU
		{54481E82-5219-432B-B43D-AA33A49349FC}.Release|x86.ActiveCfg = Release|Any CPU
		{C8B2D873-C238-4AE5-9E06-62E7148A4C79}.Debug|Any CPU.ActiveCfg = Debug|Any CPU
		{C8B2D873-C238-4AE5-9E06-62E7148A4C79}.Debug|Any CPU.Build.0 = Debug|Any CPU
		{C8B2D873-C238-4AE5-9E06-62E7148A4C79}.Debug|Mixed Platforms.ActiveCfg = Debug|Any CPU
		{C8B2D873-C238-4AE5-9E06-62E7148A4C79}.Debug|Mixed Platforms.Build.0 = Debug|Any CPU
		{C8B2D873-C238-4AE5-9E06-62E7148A4C79}.Debug|x86.ActiveCfg = Debug|Any CPU
		{C8B2D873-C238-4AE5-9E06-62E7148A4C79}.Release|Any CPU.ActiveCfg = Release|Any CPU
		{C8B2D873-C238-4AE5-9E06-62E7148A4C79}.Release|Any CPU.Build.0 = Release|Any CPU
		{C8B2D873-C238-4AE5-9E06-62E7148A4C79}.Release|Mixed Platforms.ActiveCfg = Release|Any CPU
		{C8B2D873-C238-4AE5-9E06-62E7148A4C79}.Release|Mixed Platforms.Build.0 = Release|Any CPU
		{C8B2D873-C238-4AE5-9E06-62E7148A4C79}.Release|x86.ActiveCfg = Release|Any CPU
		{F4A0CBBC-A0A3-494B-8E5B-02ECE524DF31}.Debug|Any CPU.ActiveCfg = Debug|x86
		{F4A0CBBC-A0A3-494B-8E5B-02ECE524DF31}.Debug|Mixed Platforms.ActiveCfg = Debug|x86
		{F4A0CBBC-A0A3-494B-8E5B-02ECE524DF31}.Debug|Mixed Platforms.Build.0 = Debug|x86
		{F4A0CBBC-A0A3-494B-8E5B-02ECE524DF31}.Debug|x86.ActiveCfg = Debug|x86
		{F4A0CBBC-A0A3-494B-8E5B-02ECE524DF31}.Debug|x86.Build.0 = Debug|x86
		{F4A0CBBC-A0A3-494B-8E5B-02ECE524DF31}.Release|Any CPU.ActiveCfg = Release|x86
		{F4A0CBBC-A0A3-494B-8E5B-02ECE524DF31}.Release|Mixed Platforms.ActiveCfg = Release|x86
		{F4A0CBBC-A0A3-494B-8E5B-02ECE524DF31}.Release|Mixed Platforms.Build.0 = Release|x86
		{F4A0CBBC-A0A3-494B-8E5B-02ECE524DF31}.Release|x86.ActiveCfg = Release|x86
		{F4A0CBBC-A0A3-494B-8E5B-02ECE524DF31}.Release|x86.Build.0 = Release|x86
	EndGlobalSection
	GlobalSection(SolutionProperties) = preSolution
		HideSolutionNode = FALSE
	EndGlobalSection
EndGlobal
